{
  "name": "Coding-Memcache",
  "lockfileVersion": 3,
  "requires": true,
  "packages": {
    "": {
      "dependencies": {
        "memcached-promise": "^1.0.1"
      }
    },
    "node_modules/bluebird": {
      "version": "3.7.2",
      "resolved": "https://registry.npmjs.org/bluebird/-/bluebird-3.7.2.tgz",
      "integrity": "sha512-XpNj6GDQzdfW+r2Wnn7xiSAd7TM3jzkxGXBGTtWKuSXv1xUV+azxAm8jdWZN06QTQk+2N2XB9jRDkvbmQmcRtg=="
    },
    "node_modules/connection-parse": {
      "version": "0.0.7",
      "license": "MIT",
      "peer": true
    },
    "node_modules/hashring": {
      "version": "3.2.0",
      "license": "MIT",
      "peer": true,
      "dependencies": {
        "connection-parse": "0.0.x",
        "simple-lru-cache": "0.0.x"
      }
    },
    "node_modules/jackpot": {
      "version": "0.0.6",
      "peer": true,
      "dependencies": {
        "retry": "0.6.0"
      }
    },
    "node_modules/memcached": {
      "version": "2.2.2",
      "license": "MIT",
      "peer": true,
      "dependencies": {
        "hashring": "3.2.x",
        "jackpot": ">=0.0.6"
      }
    },
    "node_modules/memcached-promise": {
      "version": "1.0.1",
      "resolved": "https://registry.npmjs.org/memcached-promise/-/memcached-promise-1.0.1.tgz",
      "integrity": "sha512-zsjC/BWX468jC9ks6TQufZvXyOoTLkD+SwZii8xTjvs0gLm8tEAldgAeFm17G0rTAw2jP1CEQ7F5Sle8HFTLkg==",
      "dependencies": {
        "bluebird": "^3.7.2"
      },
      "peerDependencies": {
        "memcached": "^2.2.2"
      }
    },
    "node_modules/retry": {
      "version": "0.6.0",
      "peer": true,
      "engines": {
        "node": "*"
      }
    },
    "node_modules/simple-lru-cache": {
      "version": "0.0.2",
      "peer": true
    }
  }
}
